
Microsoft Visual Studio Solution File, Format Version 12.00
# Visual Studio Version 17
VisualStudioVersion = 17.7.34031.279
MinimumVisualStudioVersion = 10.0.40219.1
Project("{9A19103F-16F7-4668-BE54-9A1E7A4F7556}") = "HockeyData", "HockeyData\HockeyData.csproj", "{5DAF27D6-013B-49DA-A854-BDCE219371E0}"
EndProject
Project("{9A19103F-16F7-4668-BE54-9A1E7A4F7556}") = "Utilities", "Utilities\Utilities.csproj", "{162450C6-E112-4462-9D45-BBCFEB4C7561}"
EndProject
Project("{9A19103F-16F7-4668-BE54-9A1E7A4F7556}") = "HockeyConsoleApp", "HockeyConsoleApp\HockeyConsoleApp.csproj", "{55DE09E2-0EF1-4361-A2D0-2249C72D25CD}"
EndProject
Project("{9A19103F-16F7-4668-BE54-9A1E7A4F7556}") = "HockeyTestProject", "HockeyTestProject\HockeyTestProject.csproj", "{BF84AD95-4E64-48FE-9C2D-9AD1995247F9}"
EndProject
Project("{9A19103F-16F7-4668-BE54-9A1E7A4F7556}") = "UtilitiesTestProject", "UtilitiesTestProject\UtilitiesTestProject.csproj", "{62134535-6089-4137-B658-85F189B7CAD6}"
EndProject
Project("{9A19103F-16F7-4668-BE54-9A1E7A4F7556}") = "BlazorSampleApp", "BlazorSampleApp\BlazorSampleApp.csproj", "{597232ED-8B53-450C-BCF7-F2BBC4F604C2}"
EndProject
Project("{9A19103F-16F7-4668-BE54-9A1E7A4F7556}") = "BMI", "BMI\BMI.csproj", "{B23257CB-C1D3-434C-84EE-244291C28DF6}"
EndProject
Project("{9A19103F-16F7-4668-BE54-9A1E7A4F7556}") = "WestWindSystem", "WestWindSystem\WestWindSystem.csproj", "{2E967425-BBF0-405C-BAE2-2220CBB0A49A}"
EndProject
Global
	GlobalSection(SolutionConfigurationPlatforms) = preSolution
		Debug|Any CPU = Debug|Any CPU
		Release|Any CPU = Release|Any CPU
	EndGlobalSection
	GlobalSection(ProjectConfigurationPlatforms) = postSolution
		{5DAF27D6-013B-49DA-A854-BDCE219371E0}.Debug|Any CPU.ActiveCfg = Debug|Any CPU
		{5DAF27D6-013B-49DA-A854-BDCE219371E0}.Debug|Any CPU.Build.0 = Debug|Any CPU
		{5DAF27D6-013B-49DA-A854-BDCE219371E0}.Release|Any CPU.ActiveCfg = Release|Any CPU
		{5DAF27D6-013B-49DA-A854-BDCE219371E0}.Release|Any CPU.Build.0 = Release|Any CPU
		{162450C6-E112-4462-9D45-BBCFEB4C7561}.Debug|Any CPU.ActiveCfg = Debug|Any CPU
		{162450C6-E112-4462-9D45-BBCFEB4C7561}.Debug|Any CPU.Build.0 = Debug|Any CPU
		{162450C6-E112-4462-9D45-BBCFEB4C7561}.Release|Any CPU.ActiveCfg = Release|Any CPU
		{162450C6-E112-4462-9D45-BBCFEB4C7561}.Release|Any CPU.Build.0 = Release|Any CPU
		{55DE09E2-0EF1-4361-A2D0-2249C72D25CD}.Debug|Any CPU.ActiveCfg = Debug|Any CPU
		{55DE09E2-0EF1-4361-A2D0-2249C72D25CD}.Debug|Any CPU.Build.0 = Debug|Any CPU
		{55DE09E2-0EF1-4361-A2D0-2249C72D25CD}.Release|Any CPU.ActiveCfg = Release|Any CPU
		{55DE09E2-0EF1-4361-A2D0-2249C72D25CD}.Release|Any CPU.Build.0 = Release|Any CPU
		{BF84AD95-4E64-48FE-9C2D-9AD1995247F9}.Debug|Any CPU.ActiveCfg = Debug|Any CPU
		{BF84AD95-4E64-48FE-9C2D-9AD1995247F9}.Debug|Any CPU.Build.0 = Debug|Any CPU
		{BF84AD95-4E64-48FE-9C2D-9AD1995247F9}.Release|Any CPU.ActiveCfg = Release|Any CPU
		{BF84AD95-4E64-48FE-9C2D-9AD1995247F9}.Release|Any CPU.Build.0 = Release|Any CPU
		{62134535-6089-4137-B658-85F189B7CAD6}.Debug|Any CPU.ActiveCfg = Debug|Any CPU
		{62134535-6089-4137-B658-85F189B7CAD6}.Debug|Any CPU.Build.0 = Debug|Any CPU
		{62134535-6089-4137-B658-85F189B7CAD6}.Release|Any CPU.ActiveCfg = Release|Any CPU
		{62134535-6089-4137-B658-85F189B7CAD6}.Release|Any CPU.Build.0 = Release|Any CPU
		{597232ED-8B53-450C-BCF7-F2BBC4F604C2}.Debug|Any CPU.ActiveCfg = Debug|Any CPU
		{597232ED-8B53-450C-BCF7-F2BBC4F604C2}.Debug|Any CPU.Build.0 = Debug|Any CPU
		{597232ED-8B53-450C-BCF7-F2BBC4F604C2}.Release|Any CPU.ActiveCfg = Release|Any CPU
		{597232ED-8B53-450C-BCF7-F2BBC4F604C2}.Release|Any CPU.Build.0 = Release|Any CPU
		{B23257CB-C1D3-434C-84EE-244291C28DF6}.Debug|Any CPU.ActiveCfg = Debug|Any CPU
		{B23257CB-C1D3-434C-84EE-244291C28DF6}.Debug|Any CPU.Build.0 = Debug|Any CPU
		{B23257CB-C1D3-434C-84EE-244291C28DF6}.Release|Any CPU.ActiveCfg = Release|Any CPU
		{B23257CB-C1D3-434C-84EE-244291C28DF6}.Release|Any CPU.Build.0 = Release|Any CPU
		{2E967425-BBF0-405C-BAE2-2220CBB0A49A}.Debug|Any CPU.ActiveCfg = Debug|Any CPU
		{2E967425-BBF0-405C-BAE2-2220CBB0A49A}.Debug|Any CPU.Build.0 = Debug|Any CPU
		{2E967425-BBF0-405C-BAE2-2220CBB0A49A}.Release|Any CPU.ActiveCfg = Release|Any CPU
		{2E967425-BBF0-405C-BAE2-2220CBB0A49A}.Release|Any CPU.Build.0 = Release|Any CPU
	EndGlobalSection
	GlobalSection(SolutionProperties) = preSolution
		HideSolutionNode = FALSE
	EndGlobalSection
	GlobalSection(ExtensibilityGlobals) = postSolution
		SolutionGuid = {B36D35E1-DFAF-45BE-821D-23799F8F7AB1}
	EndGlobalSection
EndGlobal
